
Microsoft Visual Studio Solution File, Format Version 12.00
# Visual Studio Version 17
VisualStudioVersion = 17.0.32014.148
MinimumVisualStudioVersion = 10.0.40219.1
Project("{FAE04EC0-301F-11D3-BF4B-00C04F79EFBC}") = "PozyxSubscriber", "PozyxSubscriber\PozyxSubscriber.csproj", "{F971D95B-37C1-4D59-9E77-2DBB0BBBA80C}"
EndProject
Global
	GlobalSection(SolutionConfigurationPlatforms) = preSolution
		Debug|Any CPU = Debug|Any CPU
		Release|Any CPU = Release|Any CPU
	EndGlobalSection
	GlobalSection(ProjectConfigurationPlatforms) = postSolution
		{F971D95B-37C1-4D59-9E77-2DBB0BBBA80C}.Debug|Any CPU.ActiveCfg = Debug|Any CPU
		{F971D95B-37C1-4D59-9E77-2DBB0BBBA80C}.Debug|Any CPU.Build.0 = Debug|Any CPU
		{F971D95B-37C1-4D59-9E77-2DBB0BBBA80C}.Release|Any CPU.ActiveCfg = Release|Any CPU
		{F971D95B-37C1-4D59-9E77-2DBB0BBBA80C}.Release|Any CPU.Build.0 = Release|Any CPU
	EndGlobalSection
	GlobalSection(SolutionProperties) = preSolution
		HideSolutionNode = FALSE
	EndGlobalSection
	GlobalSection(ExtensibilityGlobals) = postSolution
		SolutionGuid = {E4DE571B-8207-468E-8594-F9A1B8759691}
	EndGlobalSection
EndGlobal
